PODS:
  - Alamofire (5.2.2)
  - Charts (3.6.0):
    - Charts/Core (= 3.6.0)
  - Charts/Core (3.6.0)
  - RxAlamofire (5.6.2):
    - RxAlamofire/Core (= 5.6.2)
  - RxAlamofire/Core (5.6.2):
    - Alamofire (~> 5.2)
    - RxSwift (~> 5.1)
  - RxBlocking (5.1.1):
    - RxSwift (~> 5)
  - RxCocoa (5.1.1):
    - RxRelay (~> 5)
    - RxSwift (~> 5)
  - RxRelay (5.1.1):
    - RxSwift (~> 5)
  - RxSwift (5.1.1)
  - RxTest (5.1.1):
    - RxSwift (~> 5)
  - SkeletonView (1.10.0)

DEPENDENCIES:
  - Alamofire
  - Charts
  - RxAlamofire
  - RxBlocking
  - RxCocoa
  - RxSwift
  - RxTest
  - SkeletonView

SPEC REPOS:
  trunk:
    - Alamofire
    - Charts
    - RxAlamofire
    - RxBlocking
    - RxCocoa
    - RxRelay
    - RxSwift
    - RxTest
    - SkeletonView

SPEC CHECKSUMS:
  Alamofire: 814429acc853c6c54ff123fc3d2ef66803823ce0
  Charts: b1e3a1f5a1c9ba5394438ca3b91bd8c9076310af
  RxAlamofire: aa949d345b1689eae02b7c7a217518878144f6df
  RxBlocking: 5f700a78cad61ce253ebd37c9a39b5ccc76477b4
  RxCocoa: 32065309a38d29b5b0db858819b5bf9ef038b601
  RxRelay: d77f7d771495f43c556cbc43eebd1bb54d01e8e9
  RxSwift: 81470a2074fa8780320ea5fe4102807cb7118178
  RxTest: 711632d5644dffbeb62c936a521b5b008a1e1faa
  SkeletonView: 14fbe9702c7fb5c5f011b44ac3ae99fc73155726

PODFILE CHECKSUM: 398ee452c058b4d79a2af9b70041a765016f125c

COCOAPODS: 1.9.3
