// !$*UTF8*$!
{
	archiveVersion = 1;
	classes = {
	};
	objectVersion = 51;
	objects = {

/* Begin PBXBuildFile section */
		39FFFB587BA9210DDE28B699 /* Pods_Bitcoin.framework in Frameworks */ = {isa = PBXBuildFile; fileRef = 8BE0E0E8ACE3F7F2317421A9 /* Pods_Bitcoin.framework */; };
		8BD311E2253CF47700670AC5 /* BitcoinApp.swift in Sources */ = {isa = PBXBuildFile; fileRef = 8BD311E1253CF47700670AC5 /* BitcoinApp.swift */; };
		8BD311E4253CF47700670AC5 /* ContentView.swift in Sources */ = {isa = PBXBuildFile; fileRef = 8BD311E3253CF47700670AC5 /* ContentView.swift */; };
		8BD311E6253CF47800670AC5 /* Assets.xcassets in Resources */ = {isa = PBXBuildFile; fileRef = 8BD311E5253CF47800670AC5 /* Assets.xcassets */; };
		8BD311E9253CF47800670AC5 /* Preview Assets.xcassets in Resources */ = {isa = PBXBuildFile; fileRef = 8BD311E8253CF47800670AC5 /* Preview Assets.xcassets */; };
		8BD311F5253CF54B00670AC5 /* BitcoinApi.swift in Sources */ = {isa = PBXBuildFile; fileRef = 8BD311F4253CF54B00670AC5 /* BitcoinApi.swift */; };
		8BD311FF253CFC2E00670AC5 /* MarketPriceResponse.swift in Sources */ = {isa = PBXBuildFile; fileRef = 8BD311FE253CFC2E00670AC5 /* MarketPriceResponse.swift */; };
		8BD3120B253D056500670AC5 /* HomeViewController.swift in Sources */ = {isa = PBXBuildFile; fileRef = 8BD31209253D056500670AC5 /* HomeViewController.swift */; };
		8BD3120C253D056500670AC5 /* HomeViewController.xib in Resources */ = {isa = PBXBuildFile; fileRef = 8BD3120A253D056500670AC5 /* HomeViewController.xib */; };
		8BD31210253D057300670AC5 /* HomeViewModel.swift in Sources */ = {isa = PBXBuildFile; fileRef = 8BD3120F253D057300670AC5 /* HomeViewModel.swift */; };
		8BD31213253D057F00670AC5 /* HomeInteractor.swift in Sources */ = {isa = PBXBuildFile; fileRef = 8BD31212253D057F00670AC5 /* HomeInteractor.swift */; };
		8BD3121B253D072900670AC5 /* MarketPriceVariationResponse.swift in Sources */ = {isa = PBXBuildFile; fileRef = 8BD3121A253D072900670AC5 /* MarketPriceVariationResponse.swift */; };
		8BD3121E253D081100670AC5 /* FetchMarketPriceVariationUseCase.swift in Sources */ = {isa = PBXBuildFile; fileRef = 8BD3121D253D081100670AC5 /* FetchMarketPriceVariationUseCase.swift */; };
		8BD31222253D095A00670AC5 /* FetchMarketPriceUseCase.swift in Sources */ = {isa = PBXBuildFile; fileRef = 8BD31221253D095A00670AC5 /* FetchMarketPriceUseCase.swift */; };
		8BD31233253D234C00670AC5 /* Double+String.swift in Sources */ = {isa = PBXBuildFile; fileRef = 8BD31232253D234C00670AC5 /* Double+String.swift */; };
/* End PBXBuildFile section */

/* Begin PBXFileReference section */
		8BD311DE253CF47700670AC5 /* Bitcoin.app */ = {isa = PBXFileReference; explicitFileType = wrapper.application; includeInIndex = 0; path = Bitcoin.app; sourceTree = BUILT_PRODUCTS_DIR; };
		8BD311E1253CF47700670AC5 /* BitcoinApp.swift */ = {isa = PBXFileReference; lastKnownFileType = sourcecode.swift; path = BitcoinApp.swift; sourceTree = "<group>"; };
		8BD311E3253CF47700670AC5 /* ContentView.swift */ = {isa = PBXFileReference; lastKnownFileType = sourcecode.swift; path = ContentView.swift; sourceTree = "<group>"; };
		8BD311E5253CF47800670AC5 /* Assets.xcassets */ = {isa = PBXFileReference; lastKnownFileType = folder.assetcatalog; path = Assets.xcassets; sourceTree = "<group>"; };
		8BD311E8253CF47800670AC5 /* Preview Assets.xcassets */ = {isa = PBXFileReference; lastKnownFileType = folder.assetcatalog; path = "Preview Assets.xcassets"; sourceTree = "<group>"; };
		8BD311EA253CF47800670AC5 /* Info.plist */ = {isa = PBXFileReference; lastKnownFileType = text.plist.xml; path = Info.plist; sourceTree = "<group>"; };
		8BD311F4253CF54B00670AC5 /* BitcoinApi.swift */ = {isa = PBXFileReference; lastKnownFileType = sourcecode.swift; path = BitcoinApi.swift; sourceTree = "<group>"; };
		8BD311FE253CFC2E00670AC5 /* MarketPriceResponse.swift */ = {isa = PBXFileReference; lastKnownFileType = sourcecode.swift; path = MarketPriceResponse.swift; sourceTree = "<group>"; };
		8BD31209253D056500670AC5 /* HomeViewController.swift */ = {isa = PBXFileReference; lastKnownFileType = sourcecode.swift; path = HomeViewController.swift; sourceTree = "<group>"; };
		8BD3120A253D056500670AC5 /* HomeViewController.xib */ = {isa = PBXFileReference; lastKnownFileType = file.xib; path = HomeViewController.xib; sourceTree = "<group>"; };
		8BD3120F253D057300670AC5 /* HomeViewModel.swift */ = {isa = PBXFileReference; lastKnownFileType = sourcecode.swift; path = HomeViewModel.swift; sourceTree = "<group>"; };
		8BD31212253D057F00670AC5 /* HomeInteractor.swift */ = {isa = PBXFileReference; lastKnownFileType = sourcecode.swift; path = HomeInteractor.swift; sourceTree = "<group>"; };
		8BD3121A253D072900670AC5 /* MarketPriceVariationResponse.swift */ = {isa = PBXFileReference; lastKnownFileType = sourcecode.swift; path = MarketPriceVariationResponse.swift; sourceTree = "<group>"; };
		8BD3121D253D081100670AC5 /* FetchMarketPriceVariationUseCase.swift */ = {isa = PBXFileReference; lastKnownFileType = sourcecode.swift; path = FetchMarketPriceVariationUseCase.swift; sourceTree = "<group>"; };
		8BD31221253D095A00670AC5 /* FetchMarketPriceUseCase.swift */ = {isa = PBXFileReference; lastKnownFileType = sourcecode.swift; path = FetchMarketPriceUseCase.swift; sourceTree = "<group>"; };
		8BD31232253D234C00670AC5 /* Double+String.swift */ = {isa = PBXFileReference; lastKnownFileType = sourcecode.swift; path = "Double+String.swift"; sourceTree = "<group>"; };
		8BE0E0E8ACE3F7F2317421A9 /* Pods_Bitcoin.framework */ = {isa = PBXFileReference; explicitFileType = wrapper.framework; includeInIndex = 0; path = Pods_Bitcoin.framework; sourceTree = BUILT_PRODUCTS_DIR; };
		8F5A7596BCA83026096A218D /* Pods-Bitcoin.debug.xcconfig */ = {isa = PBXFileReference; includeInIndex = 1; lastKnownFileType = text.xcconfig; name = "Pods-Bitcoin.debug.xcconfig"; path = "Target Support Files/Pods-Bitcoin/Pods-Bitcoin.debug.xcconfig"; sourceTree = "<group>"; };
		CB68ED31E2E7E078F11272C7 /* Pods-Bitcoin.release.xcconfig */ = {isa = PBXFileReference; includeInIndex = 1; lastKnownFileType = text.xcconfig; name = "Pods-Bitcoin.release.xcconfig"; path = "Target Support Files/Pods-Bitcoin/Pods-Bitcoin.release.xcconfig"; sourceTree = "<group>"; };
/* End PBXFileReference section */

/* Begin PBXFrameworksBuildPhase section */
		8BD311DB253CF47700670AC5 /* Frameworks */ = {
			isa = PBXFrameworksBuildPhase;
			buildActionMask = 2147483647;
			files = (
				39FFFB587BA9210DDE28B699 /* Pods_Bitcoin.framework in Frameworks */,
			);
			runOnlyForDeploymentPostprocessing = 0;
		};
/* End PBXFrameworksBuildPhase section */

/* Begin PBXGroup section */
		77D4BBE6385D74DB66506CF8 /* Pods */ = {
			isa = PBXGroup;
			children = (
				8F5A7596BCA83026096A218D /* Pods-Bitcoin.debug.xcconfig */,
				CB68ED31E2E7E078F11272C7 /* Pods-Bitcoin.release.xcconfig */,
			);
			path = Pods;
			sourceTree = "<group>";
		};
		8BD311D5253CF47700670AC5 = {
			isa = PBXGroup;
			children = (
				8BD311E0253CF47700670AC5 /* Bitcoin */,
				8BD311DF253CF47700670AC5 /* Products */,
				77D4BBE6385D74DB66506CF8 /* Pods */,
				8C6F20DBBC4AF1B7E36FC982 /* Frameworks */,
			);
			sourceTree = "<group>";
		};
		8BD311DF253CF47700670AC5 /* Products */ = {
			isa = PBXGroup;
			children = (
				8BD311DE253CF47700670AC5 /* Bitcoin.app */,
			);
			name = Products;
			sourceTree = "<group>";
		};
		8BD311E0253CF47700670AC5 /* Bitcoin */ = {
			isa = PBXGroup;
			children = (
				8BD31231253D233D00670AC5 /* Extensions */,
				8BD31207253D052F00670AC5 /* Scenes */,
				8BD311FC253CFC1100670AC5 /* Domain */,
				8BD311F3253CF52400670AC5 /* Network */,
				8BD311E1253CF47700670AC5 /* BitcoinApp.swift */,
				8BD311E3253CF47700670AC5 /* ContentView.swift */,
				8BD311E5253CF47800670AC5 /* Assets.xcassets */,
				8BD311EA253CF47800670AC5 /* Info.plist */,
				8BD311E7253CF47800670AC5 /* Preview Content */,
			);
			path = Bitcoin;
			sourceTree = "<group>";
		};
		8BD311E7253CF47800670AC5 /* Preview Content */ = {
			isa = PBXGroup;
			children = (
				8BD311E8253CF47800670AC5 /* Preview Assets.xcassets */,
			);
			path = "Preview Content";
			sourceTree = "<group>";
		};
		8BD311F3253CF52400670AC5 /* Network */ = {
			isa = PBXGroup;
			children = (
				8BD311F4253CF54B00670AC5 /* BitcoinApi.swift */,
			);
			path = Network;
			sourceTree = "<group>";
		};
		8BD311FC253CFC1100670AC5 /* Domain */ = {
			isa = PBXGroup;
			children = (
				8BD31215253D058400670AC5 /* UseCases */,
				8BD311FD253CFC1800670AC5 /* Models */,
			);
			path = Domain;
			sourceTree = "<group>";
		};
		8BD311FD253CFC1800670AC5 /* Models */ = {
			isa = PBXGroup;
			children = (
				8BD311FE253CFC2E00670AC5 /* MarketPriceResponse.swift */,
				8BD3121A253D072900670AC5 /* MarketPriceVariationResponse.swift */,
			);
			path = Models;
			sourceTree = "<group>";
		};
		8BD31207253D052F00670AC5 /* Scenes */ = {
			isa = PBXGroup;
			children = (
				8BD31208253D053500670AC5 /* Home */,
			);
			path = Scenes;
			sourceTree = "<group>";
		};
		8BD31208253D053500670AC5 /* Home */ = {
			isa = PBXGroup;
			children = (
				8BD31209253D056500670AC5 /* HomeViewController.swift */,
				8BD3120A253D056500670AC5 /* HomeViewController.xib */,
				8BD3120F253D057300670AC5 /* HomeViewModel.swift */,
				8BD31212253D057F00670AC5 /* HomeInteractor.swift */,
			);
			path = Home;
			sourceTree = "<group>";
		};
		8BD31215253D058400670AC5 /* UseCases */ = {
			isa = PBXGroup;
			children = (
				8BD3121D253D081100670AC5 /* FetchMarketPriceVariationUseCase.swift */,
				8BD31221253D095A00670AC5 /* FetchMarketPriceUseCase.swift */,
			);
			path = UseCases;
			sourceTree = "<group>";
		};
		8BD31231253D233D00670AC5 /* Extensions */ = {
			isa = PBXGroup;
			children = (
				8BD31232253D234C00670AC5 /* Double+String.swift */,
			);
			path = Extensions;
			sourceTree = "<group>";
		};
		8C6F20DBBC4AF1B7E36FC982 /* Frameworks */ = {
			isa = PBXGroup;
			children = (
				8BE0E0E8ACE3F7F2317421A9 /* Pods_Bitcoin.framework */,
			);
			name = Frameworks;
			sourceTree = "<group>";
		};
/* End PBXGroup section */

/* Begin PBXNativeTarget section */
		8BD311DD253CF47700670AC5 /* Bitcoin */ = {
			isa = PBXNativeTarget;
			buildConfigurationList = 8BD311ED253CF47800670AC5 /* Build configuration list for PBXNativeTarget "Bitcoin" */;
			buildPhases = (
				5CB74BD13DD91C25EA3C2FAF /* [CP] Check Pods Manifest.lock */,
				8BD311DA253CF47700670AC5 /* Sources */,
				8BD311DB253CF47700670AC5 /* Frameworks */,
				8BD311DC253CF47700670AC5 /* Resources */,
				2FD1BE86E576DE3378F98B04 /* [CP] Embed Pods Frameworks */,
			);
			buildRules = (
			);
			dependencies = (
			);
			name = Bitcoin;
			productName = Bitcoin;
			productReference = 8BD311DE253CF47700670AC5 /* Bitcoin.app */;
			productType = "com.apple.product-type.application";
		};
/* End PBXNativeTarget section */

/* Begin PBXProject section */
		8BD311D6253CF47700670AC5 /* Project object */ = {
			isa = PBXProject;
			attributes = {
				LastSwiftUpdateCheck = 1200;
				LastUpgradeCheck = 1200;
				TargetAttributes = {
					8BD311DD253CF47700670AC5 = {
						CreatedOnToolsVersion = 12.0.1;
					};
				};
			};
			buildConfigurationList = 8BD311D9253CF47700670AC5 /* Build configuration list for PBXProject "Bitcoin" */;
			compatibilityVersion = "Xcode 9.3";
			developmentRegion = en;
			hasScannedForEncodings = 0;
			knownRegions = (
				en,
				Base,
			);
			mainGroup = 8BD311D5253CF47700670AC5;
			productRefGroup = 8BD311DF253CF47700670AC5 /* Products */;
			projectDirPath = "";
			projectRoot = "";
			targets = (
				8BD311DD253CF47700670AC5 /* Bitcoin */,
			);
		};
/* End PBXProject section */

/* Begin PBXResourcesBuildPhase section */
		8BD311DC253CF47700670AC5 /* Resources */ = {
			isa = PBXResourcesBuildPhase;
			buildActionMask = 2147483647;
			files = (
				8BD311E9253CF47800670AC5 /* Preview Assets.xcassets in Resources */,
				8BD311E6253CF47800670AC5 /* Assets.xcassets in Resources */,
				8BD3120C253D056500670AC5 /* HomeViewController.xib in Resources */,
			);
			runOnlyForDeploymentPostprocessing = 0;
		};
/* End PBXResourcesBuildPhase section */

/* Begin PBXShellScriptBuildPhase section */
		2FD1BE86E576DE3378F98B04 /* [CP] Embed Pods Frameworks */ = {
			isa = PBXShellScriptBuildPhase;
			buildActionMask = 2147483647;
			files = (
			);
			inputFileListPaths = (
				"${PODS_ROOT}/Target Support Files/Pods-Bitcoin/Pods-Bitcoin-frameworks-${CONFIGURATION}-input-files.xcfilelist",
			);
			name = "[CP] Embed Pods Frameworks";
			outputFileListPaths = (
				"${PODS_ROOT}/Target Support Files/Pods-Bitcoin/Pods-Bitcoin-frameworks-${CONFIGURATION}-output-files.xcfilelist",
			);
			runOnlyForDeploymentPostprocessing = 0;
			shellPath = /bin/sh;
			shellScript = "\"${PODS_ROOT}/Target Support Files/Pods-Bitcoin/Pods-Bitcoin-frameworks.sh\"\n";
			showEnvVarsInLog = 0;
		};
		5CB74BD13DD91C25EA3C2FAF /* [CP] Check Pods Manifest.lock */ = {
			isa = PBXShellScriptBuildPhase;
			buildActionMask = 2147483647;
			files = (
			);
			inputFileListPaths = (
			);
			inputPaths = (
				"${PODS_PODFILE_DIR_PATH}/Podfile.lock",
				"${PODS_ROOT}/Manifest.lock",
			);
			name = "[CP] Check Pods Manifest.lock";
			outputFileListPaths = (
			);
			outputPaths = (
				"$(DERIVED_FILE_DIR)/Pods-Bitcoin-checkManifestLockResult.txt",
			);
			runOnlyForDeploymentPostprocessing = 0;
			shellPath = /bin/sh;
			shellScript = "diff \"${PODS_PODFILE_DIR_PATH}/Podfile.lock\" \"${PODS_ROOT}/Manifest.lock\" > /dev/null\nif [ $? != 0 ] ; then\n    # print error to STDERR\n    echo \"error: The sandbox is not in sync with the Podfile.lock. Run 'pod install' or update your CocoaPods installation.\" >&2\n    exit 1\nfi\n# This output is used by Xcode 'outputs' to avoid re-running this script phase.\necho \"SUCCESS\" > \"${SCRIPT_OUTPUT_FILE_0}\"\n";
			showEnvVarsInLog = 0;
		};
/* End PBXShellScriptBuildPhase section */

/* Begin PBXSourcesBuildPhase section */
		8BD311DA253CF47700670AC5 /* Sources */ = {
			isa = PBXSourcesBuildPhase;
			buildActionMask = 2147483647;
			files = (
				8BD3121B253D072900670AC5 /* MarketPriceVariationResponse.swift in Sources */,
				8BD31233253D234C00670AC5 /* Double+String.swift in Sources */,
				8BD3120B253D056500670AC5 /* HomeViewController.swift in Sources */,
				8BD31222253D095A00670AC5 /* FetchMarketPriceUseCase.swift in Sources */,
				8BD31210253D057300670AC5 /* HomeViewModel.swift in Sources */,
				8BD311F5253CF54B00670AC5 /* BitcoinApi.swift in Sources */,
				8BD311E4253CF47700670AC5 /* ContentView.swift in Sources */,
				8BD311FF253CFC2E00670AC5 /* MarketPriceResponse.swift in Sources */,
				8BD311E2253CF47700670AC5 /* BitcoinApp.swift in Sources */,
				8BD3121E253D081100670AC5 /* FetchMarketPriceVariationUseCase.swift in Sources */,
				8BD31213253D057F00670AC5 /* HomeInteractor.swift in Sources */,
			);
			runOnlyForDeploymentPostprocessing = 0;
		};
/* End PBXSourcesBuildPhase section */

/* Begin XCBuildConfiguration section */
		8BD311EB253CF47800670AC5 /* Debug */ = {
			isa = XCBuildConfiguration;
			buildSettings = {
				ALWAYS_SEARCH_USER_PATHS = NO;
				CLANG_ANALYZER_NONNULL = YES;
				CLANG_ANALYZER_NUMBER_OBJECT_CONVERSION = YES_AGGRESSIVE;
				CLANG_CXX_LANGUAGE_STANDARD = "gnu++14";
				CLANG_CXX_LIBRARY = "libc++";
				CLANG_ENABLE_MODULES = YES;
				CLANG_ENABLE_OBJC_ARC = YES;
				CLANG_ENABLE_OBJC_WEAK = YES;
				CLANG_WARN_BLOCK_CAPTURE_AUTORELEASING = YES;
				CLANG_WARN_BOOL_CONVERSION = YES;
				CLANG_WARN_COMMA = YES;
				CLANG_WARN_CONSTANT_CONVERSION = YES;
				CLANG_WARN_DEPRECATED_OBJC_IMPLEMENTATIONS = YES;
				CLANG_WARN_DIRECT_OBJC_ISA_USAGE = YES_ERROR;
				CLANG_WARN_DOCUMENTATION_COMMENTS = YES;
				CLANG_WARN_EMPTY_BODY = YES;
				CLANG_WARN_ENUM_CONVERSION = YES;
				CLANG_WARN_INFINITE_RECURSION = YES;
				CLANG_WARN_INT_CONVERSION = YES;
				CLANG_WARN_NON_LITERAL_NULL_CONVERSION = YES;
				CLANG_WARN_OBJC_IMPLICIT_RETAIN_SELF = YES;
				CLANG_WARN_OBJC_LITERAL_CONVERSION = YES;
				CLANG_WARN_OBJC_ROOT_CLASS = YES_ERROR;
				CLANG_WARN_QUOTED_INCLUDE_IN_FRAMEWORK_HEADER = YES;
				CLANG_WARN_RANGE_LOOP_ANALYSIS = YES;
				CLANG_WARN_STRICT_PROTOTYPES = YES;
				CLANG_WARN_SUSPICIOUS_MOVE = YES;
				CLANG_WARN_UNGUARDED_AVAILABILITY = YES_AGGRESSIVE;
				CLANG_WARN_UNREACHABLE_CODE = YES;
				CLANG_WARN__DUPLICATE_METHOD_MATCH = YES;
				COPY_PHASE_STRIP = NO;
				DEBUG_INFORMATION_FORMAT = dwarf;
				ENABLE_STRICT_OBJC_MSGSEND = YES;
				ENABLE_TESTABILITY = YES;
				GCC_C_LANGUAGE_STANDARD = gnu11;
				GCC_DYNAMIC_NO_PIC = NO;
				GCC_NO_COMMON_BLOCKS = YES;
				GCC_OPTIMIZATION_LEVEL = 0;
				GCC_PREPROCESSOR_DEFINITIONS = (
					"DEBUG=1",
					"$(inherited)",
				);
				GCC_WARN_64_TO_32_BIT_CONVERSION = YES;
				GCC_WARN_ABOUT_RETURN_TYPE = YES_ERROR;
				GCC_WARN_UNDECLARED_SELECTOR = YES;
				GCC_WARN_UNINITIALIZED_AUTOS = YES_AGGRESSIVE;
				GCC_WARN_UNUSED_FUNCTION = YES;
				GCC_WARN_UNUSED_VARIABLE = YES;
				IPHONEOS_DEPLOYMENT_TARGET = 14.0;
				MTL_ENABLE_DEBUG_INFO = INCLUDE_SOURCE;
				MTL_FAST_MATH = YES;
				ONLY_ACTIVE_ARCH = YES;
				SDKROOT = iphoneos;
				SWIFT_ACTIVE_COMPILATION_CONDITIONS = DEBUG;
				SWIFT_OPTIMIZATION_LEVEL = "-Onone";
			};
			name = Debug;
		};
		8BD311EC253CF47800670AC5 /* Release */ = {
			isa = XCBuildConfiguration;
			buildSettings = {
				ALWAYS_SEARCH_USER_PATHS = NO;
				CLANG_ANALYZER_NONNULL = YES;
				CLANG_ANALYZER_NUMBER_OBJECT_CONVERSION = YES_AGGRESSIVE;
				CLANG_CXX_LANGUAGE_STANDARD = "gnu++14";
				CLANG_CXX_LIBRARY = "libc++";
				CLANG_ENABLE_MODULES = YES;
				CLANG_ENABLE_OBJC_ARC = YES;
				CLANG_ENABLE_OBJC_WEAK = YES;
				CLANG_WARN_BLOCK_CAPTURE_AUTORELEASING = YES;
				CLANG_WARN_BOOL_CONVERSION = YES;
				CLANG_WARN_COMMA = YES;
				CLANG_WARN_CONSTANT_CONVERSION = YES;
				CLANG_WARN_DEPRECATED_OBJC_IMPLEMENTATIONS = YES;
				CLANG_WARN_DIRECT_OBJC_ISA_USAGE = YES_ERROR;
				CLANG_WARN_DOCUMENTATION_COMMENTS = YES;
				CLANG_WARN_EMPTY_BODY = YES;
				CLANG_WARN_ENUM_CONVERSION = YES;
				CLANG_WARN_INFINITE_RECURSION = YES;
				CLANG_WARN_INT_CONVERSION = YES;
				CLANG_WARN_NON_LITERAL_NULL_CONVERSION = YES;
				CLANG_WARN_OBJC_IMPLICIT_RETAIN_SELF = YES;
				CLANG_WARN_OBJC_LITERAL_CONVERSION = YES;
				CLANG_WARN_OBJC_ROOT_CLASS = YES_ERROR;
				CLANG_WARN_QUOTED_INCLUDE_IN_FRAMEWORK_HEADER = YES;
				CLANG_WARN_RANGE_LOOP_ANALYSIS = YES;
				CLANG_WARN_STRICT_PROTOTYPES = YES;
				CLANG_WARN_SUSPICIOUS_MOVE = YES;
				CLANG_WARN_UNGUARDED_AVAILABILITY = YES_AGGRESSIVE;
				CLANG_WARN_UNREACHABLE_CODE = YES;
				CLANG_WARN__DUPLICATE_METHOD_MATCH = YES;
				COPY_PHASE_STRIP = NO;
				DEBUG_INFORMATION_FORMAT = "dwarf-with-dsym";
				ENABLE_NS_ASSERTIONS = NO;
				ENABLE_STRICT_OBJC_MSGSEND = YES;
				GCC_C_LANGUAGE_STANDARD = gnu11;
				GCC_NO_COMMON_BLOCKS = YES;
				GCC_WARN_64_TO_32_BIT_CONVERSION = YES;
				GCC_WARN_ABOUT_RETURN_TYPE = YES_ERROR;
				GCC_WARN_UNDECLARED_SELECTOR = YES;
				GCC_WARN_UNINITIALIZED_AUTOS = YES_AGGRESSIVE;
				GCC_WARN_UNUSED_FUNCTION = YES;
				GCC_WARN_UNUSED_VARIABLE = YES;
				IPHONEOS_DEPLOYMENT_TARGET = 14.0;
				MTL_ENABLE_DEBUG_INFO = NO;
				MTL_FAST_MATH = YES;
				SDKROOT = iphoneos;
				SWIFT_COMPILATION_MODE = wholemodule;
				SWIFT_OPTIMIZATION_LEVEL = "-O";
				VALIDATE_PRODUCT = YES;
			};
			name = Release;
		};
		8BD311EE253CF47800670AC5 /* Debug */ = {
			isa = XCBuildConfiguration;
			baseConfigurationReference = 8F5A7596BCA83026096A218D /* Pods-Bitcoin.debug.xcconfig */;
			buildSettings = {
				ASSETCATALOG_COMPILER_APPICON_NAME = AppIcon;
				ASSETCATALOG_COMPILER_GLOBAL_ACCENT_COLOR_NAME = AccentColor;
				CODE_SIGN_STYLE = Automatic;
				DEVELOPMENT_ASSET_PATHS = "\"Bitcoin/Preview Content\"";
				ENABLE_PREVIEWS = YES;
				INFOPLIST_FILE = Bitcoin/Info.plist;
				IPHONEOS_DEPLOYMENT_TARGET = 14.0;
				LD_RUNPATH_SEARCH_PATHS = (
					"$(inherited)",
					"@executable_path/Frameworks",
				);
				PRODUCT_BUNDLE_IDENTIFIER = com.castagnari.Bitcoin;
				PRODUCT_NAME = "$(TARGET_NAME)";
				SWIFT_VERSION = 5.0;
				TARGETED_DEVICE_FAMILY = "1,2";
			};
			name = Debug;
		};
		8BD311EF253CF47800670AC5 /* Release */ = {
			isa = XCBuildConfiguration;
			baseConfigurationReference = CB68ED31E2E7E078F11272C7 /* Pods-Bitcoin.release.xcconfig */;
			buildSettings = {
				ASSETCATALOG_COMPILER_APPICON_NAME = AppIcon;
				ASSETCATALOG_COMPILER_GLOBAL_ACCENT_COLOR_NAME = AccentColor;
				CODE_SIGN_STYLE = Automatic;
				DEVELOPMENT_ASSET_PATHS = "\"Bitcoin/Preview Content\"";
				ENABLE_PREVIEWS = YES;
				INFOPLIST_FILE = Bitcoin/Info.plist;
				IPHONEOS_DEPLOYMENT_TARGET = 14.0;
				LD_RUNPATH_SEARCH_PATHS = (
					"$(inherited)",
					"@executable_path/Frameworks",
				);
				PRODUCT_BUNDLE_IDENTIFIER = com.castagnari.Bitcoin;
				PRODUCT_NAME = "$(TARGET_NAME)";
				SWIFT_VERSION = 5.0;
				TARGETED_DEVICE_FAMILY = "1,2";
			};
			name = Release;
		};
/* End XCBuildConfiguration section */

/* Begin XCConfigurationList section */
		8BD311D9253CF47700670AC5 /* Build configuration list for PBXProject "Bitcoin" */ = {
			isa = XCConfigurationList;
			buildConfigurations = (
				8BD311EB253CF47800670AC5 /* Debug */,
				8BD311EC253CF47800670AC5 /* Release */,
			);
			defaultConfigurationIsVisible = 0;
			defaultConfigurationName = Release;
		};
		8BD311ED253CF47800670AC5 /* Build configuration list for PBXNativeTarget "Bitcoin" */ = {
			isa = XCConfigurationList;
			buildConfigurations = (
				8BD311EE253CF47800670AC5 /* Debug */,
				8BD311EF253CF47800670AC5 /* Release */,
			);
			defaultConfigurationIsVisible = 0;
			defaultConfigurationName = Release;
		};
/* End XCConfigurationList section */
	};
	rootObject = 8BD311D6253CF47700670AC5 /* Project object */;
}
